PackratFormat: 1.4
PackratVersion: 0.4.9.14
RVersion: 3.4.4
Repos: CRAN=https://cloud.r-project.org

Package: packrat
Source: github
Version: 0.4.9-14
GithubRepo: packrat
GithubUsername: rstudio
GithubRef: master
GithubSha1: 8c7d1627e399df1d4bba7515af11c8a7040fd092
RemoteHost: https://api.github.com
RemoteRepo: packrat
RemoteUsername: rstudio
RemoteRef: master
RemoteSha: 8c7d1627e399df1d4bba7515af11c8a7040fd092
Hash: e50d183ca5a41b66af277a2ac2752ab9
